
Microsoft Visual Studio Solution File, Format Version 12.00
# Visual Studio 15
VisualStudioVersion = 15.0.28307.645
MinimumVisualStudioVersion = 10.0.40219.1
Project("{FAE04EC0-301F-11D3-BF4B-00C04F79EFBC}") = "KeySound", "KeySound\KeySound.csproj", "{1FDFB87E-38AE-448C-863E-CF309F508F18}"
EndProject
Global
	GlobalSection(SolutionConfigurationPlatforms) = preSolution
		Debug|Any CPU = Debug|Any CPU
		Release|Any CPU = Release|Any CPU
	EndGlobalSection
	GlobalSection(ProjectConfigurationPlatforms) = postSolution
		{1FDFB87E-38AE-448C-863E-CF309F508F18}.Debug|Any CPU.ActiveCfg = Debug|Any CPU
		{1FDFB87E-38AE-448C-863E-CF309F508F18}.Debug|Any CPU.Build.0 = Debug|Any CPU
		{1FDFB87E-38AE-448C-863E-CF309F508F18}.Release|Any CPU.ActiveCfg = Release|Any CPU
		{1FDFB87E-38AE-448C-863E-CF309F508F18}.Release|Any CPU.Build.0 = Release|Any CPU
	EndGlobalSection
	GlobalSection(SolutionProperties) = preSolution
		HideSolutionNode = FALSE
	EndGlobalSection
	GlobalSection(ExtensibilityGlobals) = postSolution
		SolutionGuid = {72323750-F5D0-4057-B877-F63ECFCE829F}
	EndGlobalSection
EndGlobal
